
Microsoft Visual Studio Solution File, Format Version 12.00
# Visual Studio Version 17
VisualStudioVersion = 17.2.32630.192
MinimumVisualStudioVersion = 10.0.40219.1
Project("{9A19103F-16F7-4668-BE54-9A1E7A4F7556}") = "DDona.JaReclamouHoje.Dominio", "DDona.JaReclamouHoje.Dominio\DDona.JaReclamouHoje.Dominio.csproj", "{A16BBE1F-084C-4F06-9489-D9DED19DDACC}"
EndProject
Project("{9A19103F-16F7-4668-BE54-9A1E7A4F7556}") = "DDona.JaReclamouHoje.Testes", "DDona.JaReclamouHoje.Testes\DDona.JaReclamouHoje.Testes.csproj", "{5D061FD3-FEF5-4D2A-96D4-BB937F3C4831}"
EndProject
Project("{FAE04EC0-301F-11D3-BF4B-00C04F79EFBC}") = "DDona.JaReclamouHoje.Api", "DDona.JaReclamouHoje.Api\DDona.JaReclamouHoje.Api.csproj", "{CDDF4E66-7722-402F-94A5-8B8E83DB35A8}"
EndProject
Global
	GlobalSection(SolutionConfigurationPlatforms) = preSolution
		Debug|Any CPU = Debug|Any CPU
		Release|Any CPU = Release|Any CPU
	EndGlobalSection
	GlobalSection(ProjectConfigurationPlatforms) = postSolution
		{A16BBE1F-084C-4F06-9489-D9DED19DDACC}.Debug|Any CPU.ActiveCfg = Debug|Any CPU
		{A16BBE1F-084C-4F06-9489-D9DED19DDACC}.Debug|Any CPU.Build.0 = Debug|Any CPU
		{A16BBE1F-084C-4F06-9489-D9DED19DDACC}.Release|Any CPU.ActiveCfg = Release|Any CPU
		{A16BBE1F-084C-4F06-9489-D9DED19DDACC}.Release|Any CPU.Build.0 = Release|Any CPU
		{5D061FD3-FEF5-4D2A-96D4-BB937F3C4831}.Debug|Any CPU.ActiveCfg = Debug|Any CPU
		{5D061FD3-FEF5-4D2A-96D4-BB937F3C4831}.Debug|Any CPU.Build.0 = Debug|Any CPU
		{5D061FD3-FEF5-4D2A-96D4-BB937F3C4831}.Release|Any CPU.ActiveCfg = Release|Any CPU
		{5D061FD3-FEF5-4D2A-96D4-BB937F3C4831}.Release|Any CPU.Build.0 = Release|Any CPU
		{CDDF4E66-7722-402F-94A5-8B8E83DB35A8}.Debug|Any CPU.ActiveCfg = Debug|Any CPU
		{CDDF4E66-7722-402F-94A5-8B8E83DB35A8}.Debug|Any CPU.Build.0 = Debug|Any CPU
		{CDDF4E66-7722-402F-94A5-8B8E83DB35A8}.Release|Any CPU.ActiveCfg = Release|Any CPU
		{CDDF4E66-7722-402F-94A5-8B8E83DB35A8}.Release|Any CPU.Build.0 = Release|Any CPU
	EndGlobalSection
	GlobalSection(SolutionProperties) = preSolution
		HideSolutionNode = FALSE
	EndGlobalSection
	GlobalSection(ExtensibilityGlobals) = postSolution
		SolutionGuid = {2227E50C-AB94-4A39-A1D8-3E32A4182F25}
	EndGlobalSection
EndGlobal
